
Microsoft Visual Studio Solution File, Format Version 12.00
# Visual Studio Version 16
VisualStudioVersion = 16.0.29424.173
MinimumVisualStudioVersion = 10.0.40219.1
Project("{888888A0-9F3D-457C-B088-3A5042F75D52}") = "lab3B", "lab3B\lab3B.pyproj", "{4142550A-4409-4079-9D2C-37AA58F38E21}"
EndProject
Global
	GlobalSection(SolutionConfigurationPlatforms) = preSolution
		Debug|Any CPU = Debug|Any CPU
		Release|Any CPU = Release|Any CPU
	EndGlobalSection
	GlobalSection(ProjectConfigurationPlatforms) = postSolution
		{4142550A-4409-4079-9D2C-37AA58F38E21}.Debug|Any CPU.ActiveCfg = Debug|Any CPU
		{4142550A-4409-4079-9D2C-37AA58F38E21}.Release|Any CPU.ActiveCfg = Release|Any CPU
	EndGlobalSection
	GlobalSection(SolutionProperties) = preSolution
		HideSolutionNode = FALSE
	EndGlobalSection
	GlobalSection(ExtensibilityGlobals) = postSolution
		SolutionGuid = {F7A629DD-E30F-4907-A946-3C899FE4C785}
	EndGlobalSection
EndGlobal
