
Microsoft Visual Studio Solution File, Format Version 12.00
# Visual Studio 15
VisualStudioVersion = 15.0.28307.645
MinimumVisualStudioVersion = 10.0.40219.1
Project("{888888A0-9F3D-457C-B088-3A5042F75D52}") = "Lab4B", "Lab4B\Lab4B.pyproj", "{643A4876-7F01-48A9-A0FD-A2C96C74C71E}"
EndProject
Global
	GlobalSection(SolutionConfigurationPlatforms) = preSolution
		Debug|Any CPU = Debug|Any CPU
		Release|Any CPU = Release|Any CPU
	EndGlobalSection
	GlobalSection(ProjectConfigurationPlatforms) = postSolution
		{643A4876-7F01-48A9-A0FD-A2C96C74C71E}.Debug|Any CPU.ActiveCfg = Debug|Any CPU
		{643A4876-7F01-48A9-A0FD-A2C96C74C71E}.Release|Any CPU.ActiveCfg = Release|Any CPU
	EndGlobalSection
	GlobalSection(SolutionProperties) = preSolution
		HideSolutionNode = FALSE
	EndGlobalSection
	GlobalSection(ExtensibilityGlobals) = postSolution
		SolutionGuid = {6F0B5F6F-D5D0-4546-A641-5E872A669630}
	EndGlobalSection
EndGlobal
