
Microsoft Visual Studio Solution File, Format Version 12.00
# Visual Studio 15
VisualStudioVersion = 15.0.28307.645
MinimumVisualStudioVersion = 10.0.40219.1
Project("{888888A0-9F3D-457C-B088-3A5042F75D52}") = "Lab5B", "Lab5B\Lab5B.pyproj", "{0BB63337-BF6B-4606-818A-D458D3320C88}"
EndProject
Global
	GlobalSection(SolutionConfigurationPlatforms) = preSolution
		Debug|Any CPU = Debug|Any CPU
		Release|Any CPU = Release|Any CPU
	EndGlobalSection
	GlobalSection(ProjectConfigurationPlatforms) = postSolution
		{0BB63337-BF6B-4606-818A-D458D3320C88}.Debug|Any CPU.ActiveCfg = Debug|Any CPU
		{0BB63337-BF6B-4606-818A-D458D3320C88}.Release|Any CPU.ActiveCfg = Release|Any CPU
	EndGlobalSection
	GlobalSection(SolutionProperties) = preSolution
		HideSolutionNode = FALSE
	EndGlobalSection
	GlobalSection(ExtensibilityGlobals) = postSolution
		SolutionGuid = {C08D1D0A-2585-4B33-8DFB-98BA92EECDC5}
	EndGlobalSection
EndGlobal
